
Microsoft Visual Studio Solution File, Format Version 12.00
# Visual Studio Version 16
VisualStudioVersion = 16.0.30128.74
MinimumVisualStudioVersion = 10.0.40219.1
Project("{FAE04EC0-301F-11D3-BF4B-00C04F79EFBC}") = "byteArray", "byteArray\byteArray.csproj", "{2605F66D-23B1-42EE-9568-30E1675ADADF}"
EndProject
Global
	GlobalSection(SolutionConfigurationPlatforms) = preSolution
		Debug|Any CPU = Debug|Any CPU
		Release|Any CPU = Release|Any CPU
	EndGlobalSection
	GlobalSection(ProjectConfigurationPlatforms) = postSolution
		{2605F66D-23B1-42EE-9568-30E1675ADADF}.Debug|Any CPU.ActiveCfg = Debug|Any CPU
		{2605F66D-23B1-42EE-9568-30E1675ADADF}.Debug|Any CPU.Build.0 = Debug|Any CPU
		{2605F66D-23B1-42EE-9568-30E1675ADADF}.Release|Any CPU.ActiveCfg = Release|Any CPU
		{2605F66D-23B1-42EE-9568-30E1675ADADF}.Release|Any CPU.Build.0 = Release|Any CPU
	EndGlobalSection
	GlobalSection(SolutionProperties) = preSolution
		HideSolutionNode = FALSE
	EndGlobalSection
	GlobalSection(ExtensibilityGlobals) = postSolution
		SolutionGuid = {ABE2CAB0-48A9-425E-ACB8-1F9AB0AEC151}
	EndGlobalSection
EndGlobal
